
Microsoft Visual Studio Solution File, Format Version 11.00
# Visual C++ Express 2010
Project("{8BC9CEB8-8B4A-11D0-8D11-00A0C91BC942}") = "ex23", "ex23.vcxproj", "{0FB66712-133D-4E4A-84CA-82CB83BFE07A}"
EndProject
Global
	GlobalSection(SolutionConfigurationPlatforms) = preSolution
		Debug|Win32 = Debug|Win32
		Release|Win32 = Release|Win32
	EndGlobalSection
	GlobalSection(ProjectConfigurationPlatforms) = postSolution
		{0FB66712-133D-4E4A-84CA-82CB83BFE07A}.Debug|Win32.ActiveCfg = Debug|Win32
		{0FB66712-133D-4E4A-84CA-82CB83BFE07A}.Debug|Win32.Build.0 = Debug|Win32
		{0FB66712-133D-4E4A-84CA-82CB83BFE07A}.Release|Win32.ActiveCfg = Release|Win32
		{0FB66712-133D-4E4A-84CA-82CB83BFE07A}.Release|Win32.Build.0 = Release|Win32
	EndGlobalSection
	GlobalSection(SolutionProperties) = preSolution
		HideSolutionNode = FALSE
	EndGlobalSection
EndGlobal
