
Microsoft Visual Studio Solution File, Format Version 11.00
# Visual C++ Express 2010
Project("{8BC9CEB8-8B4A-11D0-8D11-00A0C91BC942}") = "ex3", "ex3.vcxproj", "{2B96875D-B628-422D-8B1E-2A125EDC7CB6}"
EndProject
Global
	GlobalSection(SolutionConfigurationPlatforms) = preSolution
		Debug|Win32 = Debug|Win32
		Release|Win32 = Release|Win32
	EndGlobalSection
	GlobalSection(ProjectConfigurationPlatforms) = postSolution
		{2B96875D-B628-422D-8B1E-2A125EDC7CB6}.Debug|Win32.ActiveCfg = Debug|Win32
		{2B96875D-B628-422D-8B1E-2A125EDC7CB6}.Debug|Win32.Build.0 = Debug|Win32
		{2B96875D-B628-422D-8B1E-2A125EDC7CB6}.Release|Win32.ActiveCfg = Release|Win32
		{2B96875D-B628-422D-8B1E-2A125EDC7CB6}.Release|Win32.Build.0 = Release|Win32
	EndGlobalSection
	GlobalSection(SolutionProperties) = preSolution
		HideSolutionNode = FALSE
	EndGlobalSection
EndGlobal
