
Microsoft Visual Studio Solution File, Format Version 11.00
# Visual C++ Express 2010
Project("{8BC9CEB8-8B4A-11D0-8D11-00A0C91BC942}") = "ex25", "ex25.vcxproj", "{E596DCC5-CE3D-4DF4-86DB-B5B9DB687800}"
EndProject
Global
	GlobalSection(SolutionConfigurationPlatforms) = preSolution
		Debug|Win32 = Debug|Win32
		Release|Win32 = Release|Win32
	EndGlobalSection
	GlobalSection(ProjectConfigurationPlatforms) = postSolution
		{E596DCC5-CE3D-4DF4-86DB-B5B9DB687800}.Debug|Win32.ActiveCfg = Debug|Win32
		{E596DCC5-CE3D-4DF4-86DB-B5B9DB687800}.Debug|Win32.Build.0 = Debug|Win32
		{E596DCC5-CE3D-4DF4-86DB-B5B9DB687800}.Release|Win32.ActiveCfg = Release|Win32
		{E596DCC5-CE3D-4DF4-86DB-B5B9DB687800}.Release|Win32.Build.0 = Release|Win32
	EndGlobalSection
	GlobalSection(SolutionProperties) = preSolution
		HideSolutionNode = FALSE
	EndGlobalSection
EndGlobal
